// !$*UTF8*$!
{
	archiveVersion = 1;
	classes = {
	};
	objectVersion = 46;
	objects = {

/* Begin PBXBuildFile section */
		6C288E911EA0447700033DAB /* main.m in Sources */ = {isa = PBXBuildFile; fileRef = 6C288E901EA0447700033DAB /* main.m */; };
		6C288E941EA0447700033DAB /* AppDelegate.m in Sources */ = {isa = PBXBuildFile; fileRef = 6C288E931EA0447700033DAB /* AppDelegate.m */; };
		6C288E971EA0447700033DAB /* FirstViewController.m in Sources */ = {isa = PBXBuildFile; fileRef = 6C288E961EA0447700033DAB /* FirstViewController.m */; };
		6C288E9A1EA0447700033DAB /* SecondViewController.m in Sources */ = {isa = PBXBuildFile; fileRef = 6C288E991EA0447700033DAB /* SecondViewController.m */; };
		6C288E9D1EA0447700033DAB /* Main.storyboard in Resources */ = {isa = PBXBuildFile; fileRef = 6C288E9B1EA0447700033DAB /* Main.storyboard */; };
		6C288E9F1EA0447700033DAB /* Assets.xcassets in Resources */ = {isa = PBXBuildFile; fileRef = 6C288E9E1EA0447700033DAB /* Assets.xcassets */; };
		6C288EA21EA0447700033DAB /* LaunchScreen.storyboard in Resources */ = {isa = PBXBuildFile; fileRef = 6C288EA01EA0447700033DAB /* LaunchScreen.storyboard */; };
/* End PBXBuildFile section */

/* Begin PBXFileReference section */
		6C288E8C1EA0447700033DAB /* SleepCycleAlarm.app */ = {isa = PBXFileReference; explicitFileType = wrapper.application; includeInIndex = 0; path = SleepCycleAlarm.app; sourceTree = BUILT_PRODUCTS_DIR; };
		6C288E901EA0447700033DAB /* main.m */ = {isa = PBXFileReference; lastKnownFileType = sourcecode.c.objc; path = main.m; sourceTree = "<group>"; };
		6C288E921EA0447700033DAB /* AppDelegate.h */ = {isa = PBXFileReference; lastKnownFileType = sourcecode.c.h; path = AppDelegate.h; sourceTree = "<group>"; };
		6C288E931EA0447700033DAB /* AppDelegate.m */ = {isa = PBXFileReference; lastKnownFileType = sourcecode.c.objc; path = AppDelegate.m; sourceTree = "<group>"; };
		6C288E951EA0447700033DAB /* FirstViewController.h */ = {isa = PBXFileReference; lastKnownFileType = sourcecode.c.h; path = FirstViewController.h; sourceTree = "<group>"; };
		6C288E961EA0447700033DAB /* FirstViewController.m */ = {isa = PBXFileReference; lastKnownFileType = sourcecode.c.objc; path = FirstViewController.m; sourceTree = "<group>"; };
		6C288E981EA0447700033DAB /* SecondViewController.h */ = {isa = PBXFileReference; lastKnownFileType = sourcecode.c.h; path = SecondViewController.h; sourceTree = "<group>"; };
		6C288E991EA0447700033DAB /* SecondViewController.m */ = {isa = PBXFileReference; lastKnownFileType = sourcecode.c.objc; path = SecondViewController.m; sourceTree = "<group>"; };
		6C288E9C1EA0447700033DAB /* Base */ = {isa = PBXFileReference; lastKnownFileType = file.storyboard; name = Base; path = Base.lproj/Main.storyboard; sourceTree = "<group>"; };
		6C288E9E1EA0447700033DAB /* Assets.xcassets */ = {isa = PBXFileReference; lastKnownFileType = folder.assetcatalog; path = Assets.xcassets; sourceTree = "<group>"; };
		6C288EA11EA0447700033DAB /* Base */ = {isa = PBXFileReference; lastKnownFileType = file.storyboard; name = Base; path = Base.lproj/LaunchScreen.storyboard; sourceTree = "<group>"; };
		6C288EA31EA0447700033DAB /* Info.plist */ = {isa = PBXFileReference; lastKnownFileType = text.plist.xml; path = Info.plist; sourceTree = "<group>"; };
/* End PBXFileReference section */

/* Begin PBXFrameworksBuildPhase section */
		6C288E891EA0447700033DAB /* Frameworks */ = {
			isa = PBXFrameworksBuildPhase;
			buildActionMask = 2147483647;
			files = (
			);
			runOnlyForDeploymentPostprocessing = 0;
		};
/* End PBXFrameworksBuildPhase section */

/* Begin PBXGroup section */
		6C288E831EA0447700033DAB = {
			isa = PBXGroup;
			children = (
				6C288E8E1EA0447700033DAB /* SleepCycleAlarm */,
				6C288E8D1EA0447700033DAB /* Products */,
			);
			sourceTree = "<group>";
		};
		6C288E8D1EA0447700033DAB /* Products */ = {
			isa = PBXGroup;
			children = (
				6C288E8C1EA0447700033DAB /* SleepCycleAlarm.app */,
			);
			name = Products;
			sourceTree = "<group>";
		};
		6C288E8E1EA0447700033DAB /* SleepCycleAlarm */ = {
			isa = PBXGroup;
			children = (
				6C288E921EA0447700033DAB /* AppDelegate.h */,
				6C288E931EA0447700033DAB /* AppDelegate.m */,
				6C288E951EA0447700033DAB /* FirstViewController.h */,
				6C288E961EA0447700033DAB /* FirstViewController.m */,
				6C288E981EA0447700033DAB /* SecondViewController.h */,
				6C288E991EA0447700033DAB /* SecondViewController.m */,
				6C288E9B1EA0447700033DAB /* Main.storyboard */,
				6C288E9E1EA0447700033DAB /* Assets.xcassets */,
				6C288EA01EA0447700033DAB /* LaunchScreen.storyboard */,
				6C288EA31EA0447700033DAB /* Info.plist */,
				6C288E8F1EA0447700033DAB /* Supporting Files */,
			);
			path = SleepCycleAlarm;
			sourceTree = "<group>";
		};
		6C288E8F1EA0447700033DAB /* Supporting Files */ = {
			isa = PBXGroup;
			children = (
				6C288E901EA0447700033DAB /* main.m */,
			);
			name = "Supporting Files";
			sourceTree = "<group>";
		};
/* End PBXGroup section */

/* Begin PBXNativeTarget section */
		6C288E8B1EA0447700033DAB /* SleepCycleAlarm */ = {
			isa = PBXNativeTarget;
			buildConfigurationList = 6C288EA61EA0447700033DAB /* Build configuration list for PBXNativeTarget "SleepCycleAlarm" */;
			buildPhases = (
				6C288E881EA0447700033DAB /* Sources */,
				6C288E891EA0447700033DAB /* Frameworks */,
				6C288E8A1EA0447700033DAB /* Resources */,
			);
			buildRules = (
			);
			dependencies = (
			);
			name = SleepCycleAlarm;
			productName = SleepCycleAlarm;
			productReference = 6C288E8C1EA0447700033DAB /* SleepCycleAlarm.app */;
			productType = "com.apple.product-type.application";
		};
/* End PBXNativeTarget section */

/* Begin PBXProject section */
		6C288E841EA0447700033DAB /* Project object */ = {
			isa = PBXProject;
			attributes = {
				LastUpgradeCheck = 0830;
				ORGANIZATIONNAME = Mockin_Aeon.;
				TargetAttributes = {
					6C288E8B1EA0447700033DAB = {
						CreatedOnToolsVersion = 8.3;
						ProvisioningStyle = Automatic;
					};
				};
			};
			buildConfigurationList = 6C288E871EA0447700033DAB /* Build configuration list for PBXProject "SleepCycleAlarm" */;
			compatibilityVersion = "Xcode 3.2";
			developmentRegion = English;
			hasScannedForEncodings = 0;
			knownRegions = (
				en,
				Base,
			);
			mainGroup = 6C288E831EA0447700033DAB;
			productRefGroup = 6C288E8D1EA0447700033DAB /* Products */;
			projectDirPath = "";
			projectRoot = "";
			targets = (
				6C288E8B1EA0447700033DAB /* SleepCycleAlarm */,
			);
		};
/* End PBXProject section */

/* Begin PBXResourcesBuildPhase section */
		6C288E8A1EA0447700033DAB /* Resources */ = {
			isa = PBXResourcesBuildPhase;
			buildActionMask = 2147483647;
			files = (
				6C288EA21EA0447700033DAB /* LaunchScreen.storyboard in Resources */,
				6C288E9F1EA0447700033DAB /* Assets.xcassets in Resources */,
				6C288E9D1EA0447700033DAB /* Main.storyboard in Resources */,
			);
			runOnlyForDeploymentPostprocessing = 0;
		};
/* End PBXResourcesBuildPhase section */

/* Begin PBXSourcesBuildPhase section */
		6C288E881EA0447700033DAB /* Sources */ = {
			isa = PBXSourcesBuildPhase;
			buildActionMask = 2147483647;
			files = (
				6C288E9A1EA0447700033DAB /* SecondViewController.m in Sources */,
				6C288E941EA0447700033DAB /* AppDelegate.m in Sources */,
				6C288E971EA0447700033DAB /* FirstViewController.m in Sources */,
				6C288E911EA0447700033DAB /* main.m in Sources */,
			);
			runOnlyForDeploymentPostprocessing = 0;
		};
/* End PBXSourcesBuildPhase section */

/* Begin PBXVariantGroup section */
		6C288E9B1EA0447700033DAB /* Main.storyboard */ = {
			isa = PBXVariantGroup;
			children = (
				6C288E9C1EA0447700033DAB /* Base */,
			);
			name = Main.storyboard;
			sourceTree = "<group>";
		};
		6C288EA01EA0447700033DAB /* LaunchScreen.storyboard */ = {
			isa = PBXVariantGroup;
			children = (
				6C288EA11EA0447700033DAB /* Base */,
			);
			name = LaunchScreen.storyboard;
			sourceTree = "<group>";
		};
/* End PBXVariantGroup section */

/* Begin XCBuildConfiguration section */
		6C288EA41EA0447700033DAB /* Debug */ = {
			isa = XCBuildConfiguration;
			buildSettings = {
				ALWAYS_SEARCH_USER_PATHS = NO;
				CLANG_ANALYZER_NONNULL = YES;
				CLANG_ANALYZER_NUMBER_OBJECT_CONVERSION = YES_AGGRESSIVE;
				CLANG_CXX_LANGUAGE_STANDARD = "gnu++0x";
				CLANG_CXX_LIBRARY = "libc++";
				CLANG_ENABLE_MODULES = YES;
				CLANG_ENABLE_OBJC_ARC = YES;
				CLANG_WARN_BOOL_CONVERSION = YES;
				CLANG_WARN_CONSTANT_CONVERSION = YES;
				CLANG_WARN_DIRECT_OBJC_ISA_USAGE = YES_ERROR;
				CLANG_WARN_DOCUMENTATION_COMMENTS = YES;
				CLANG_WARN_EMPTY_BODY = YES;
				CLANG_WARN_ENUM_CONVERSION = YES;
				CLANG_WARN_INFINITE_RECURSION = YES;
				CLANG_WARN_INT_CONVERSION = YES;
				CLANG_WARN_OBJC_ROOT_CLASS = YES_ERROR;
				CLANG_WARN_SUSPICIOUS_MOVE = YES;
				CLANG_WARN_UNREACHABLE_CODE = YES;
				CLANG_WARN__DUPLICATE_METHOD_MATCH = YES;
				"CODE_SIGN_IDENTITY[sdk=iphoneos*]" = "iPhone Developer";
				COPY_PHASE_STRIP = NO;
				DEBUG_INFORMATION_FORMAT = dwarf;
				ENABLE_STRICT_OBJC_MSGSEND = YES;
				ENABLE_TESTABILITY = YES;
				GCC_C_LANGUAGE_STANDARD = gnu99;
				GCC_DYNAMIC_NO_PIC = NO;
				GCC_NO_COMMON_BLOCKS = YES;
				GCC_OPTIMIZATION_LEVEL = 0;
				GCC_PREPROCESSOR_DEFINITIONS = (
					"DEBUG=1",
					"$(inherited)",
				);
				GCC_WARN_64_TO_32_BIT_CONVERSION = YES;
				GCC_WARN_ABOUT_RETURN_TYPE = YES_ERROR;
				GCC_WARN_UNDECLARED_SELECTOR = YES;
				GCC_WARN_UNINITIALIZED_AUTOS = YES_AGGRESSIVE;
				GCC_WARN_UNUSED_FUNCTION = YES;
				GCC_WARN_UNUSED_VARIABLE = YES;
				IPHONEOS_DEPLOYMENT_TARGET = 10.3;
				MTL_ENABLE_DEBUG_INFO = YES;
				ONLY_ACTIVE_ARCH = YES;
				SDKROOT = iphoneos;
			};
			name = Debug;
		};
		6C288EA51EA0447700033DAB /* Release */ = {
			isa = XCBuildConfiguration;
			buildSettings = {
				ALWAYS_SEARCH_USER_PATHS = NO;
				CLANG_ANALYZER_NONNULL = YES;
				CLANG_ANALYZER_NUMBER_OBJECT_CONVERSION = YES_AGGRESSIVE;
				CLANG_CXX_LANGUAGE_STANDARD = "gnu++0x";
				CLANG_CXX_LIBRARY = "libc++";
				CLANG_ENABLE_MODULES = YES;
				CLANG_ENABLE_OBJC_ARC = YES;
				CLANG_WARN_BOOL_CONVERSION = YES;
				CLANG_WARN_CONSTANT_CONVERSION = YES;
				CLANG_WARN_DIRECT_OBJC_ISA_USAGE = YES_ERROR;
				CLANG_WARN_DOCUMENTATION_COMMENTS = YES;
				CLANG_WARN_EMPTY_BODY = YES;
				CLANG_WARN_ENUM_CONVERSION = YES;
				CLANG_WARN_INFINITE_RECURSION = YES;
				CLANG_WARN_INT_CONVERSION = YES;
				CLANG_WARN_OBJC_ROOT_CLASS = YES_ERROR;
				CLANG_WARN_SUSPICIOUS_MOVE = YES;
				CLANG_WARN_UNREACHABLE_CODE = YES;
				CLANG_WARN__DUPLICATE_METHOD_MATCH = YES;
				"CODE_SIGN_IDENTITY[sdk=iphoneos*]" = "iPhone Developer";
				COPY_PHASE_STRIP = NO;
				DEBUG_INFORMATION_FORMAT = "dwarf-with-dsym";
				ENABLE_NS_ASSERTIONS = NO;
				ENABLE_STRICT_OBJC_MSGSEND = YES;
				GCC_C_LANGUAGE_STANDARD = gnu99;
				GCC_NO_COMMON_BLOCKS = YES;
				GCC_WARN_64_TO_32_BIT_CONVERSION = YES;
				GCC_WARN_ABOUT_RETURN_TYPE = YES_ERROR;
				GCC_WARN_UNDECLARED_SELECTOR = YES;
				GCC_WARN_UNINITIALIZED_AUTOS = YES_AGGRESSIVE;
				GCC_WARN_UNUSED_FUNCTION = YES;
				GCC_WARN_UNUSED_VARIABLE = YES;
				IPHONEOS_DEPLOYMENT_TARGET = 10.3;
				MTL_ENABLE_DEBUG_INFO = NO;
				SDKROOT = iphoneos;
				VALIDATE_PRODUCT = YES;
			};
			name = Release;
		};
		6C288EA71EA0447700033DAB /* Debug */ = {
			isa = XCBuildConfiguration;
			buildSettings = {
				ASSETCATALOG_COMPILER_APPICON_NAME = AppIcon;
				INFOPLIST_FILE = SleepCycleAlarm/Info.plist;
				LD_RUNPATH_SEARCH_PATHS = "$(inherited) @executable_path/Frameworks";
				PRODUCT_BUNDLE_IDENTIFIER = com.example.SleepCycleAlarm;
				PRODUCT_NAME = "$(TARGET_NAME)";
			};
			name = Debug;
		};
		6C288EA81EA0447700033DAB /* Release */ = {
			isa = XCBuildConfiguration;
			buildSettings = {
				ASSETCATALOG_COMPILER_APPICON_NAME = AppIcon;
				INFOPLIST_FILE = SleepCycleAlarm/Info.plist;
				LD_RUNPATH_SEARCH_PATHS = "$(inherited) @executable_path/Frameworks";
				PRODUCT_BUNDLE_IDENTIFIER = com.example.SleepCycleAlarm;
				PRODUCT_NAME = "$(TARGET_NAME)";
			};
			name = Release;
		};
/* End XCBuildConfiguration section */

/* Begin XCConfigurationList section */
		6C288E871EA0447700033DAB /* Build configuration list for PBXProject "SleepCycleAlarm" */ = {
			isa = XCConfigurationList;
			buildConfigurations = (
				6C288EA41EA0447700033DAB /* Debug */,
				6C288EA51EA0447700033DAB /* Release */,
			);
			defaultConfigurationIsVisible = 0;
			defaultConfigurationName = Release;
		};
		6C288EA61EA0447700033DAB /* Build configuration list for PBXNativeTarget "SleepCycleAlarm" */ = {
			isa = XCConfigurationList;
			buildConfigurations = (
				6C288EA71EA0447700033DAB /* Debug */,
				6C288EA81EA0447700033DAB /* Release */,
			);
			defaultConfigurationIsVisible = 0;
		};
/* End XCConfigurationList section */
	};
	rootObject = 6C288E841EA0447700033DAB /* Project object */;
}
